
Microsoft Visual Studio Solution File, Format Version 12.00
# Visual Studio Version 17
VisualStudioVersion = 17.9.34622.214
MinimumVisualStudioVersion = 10.0.40219.1
Project("{FAE04EC0-301F-11D3-BF4B-00C04F79EFBC}") = "ex1", "ex1\ex1.csproj", "{3F0D8732-4F35-4902-B9C5-12CB7102C1C3}"
EndProject
Global
	GlobalSection(SolutionConfigurationPlatforms) = preSolution
		Debug|Any CPU = Debug|Any CPU
		Release|Any CPU = Release|Any CPU
	EndGlobalSection
	GlobalSection(ProjectConfigurationPlatforms) = postSolution
		{3F0D8732-4F35-4902-B9C5-12CB7102C1C3}.Debug|Any CPU.ActiveCfg = Debug|Any CPU
		{3F0D8732-4F35-4902-B9C5-12CB7102C1C3}.Debug|Any CPU.Build.0 = Debug|Any CPU
		{3F0D8732-4F35-4902-B9C5-12CB7102C1C3}.Release|Any CPU.ActiveCfg = Release|Any CPU
		{3F0D8732-4F35-4902-B9C5-12CB7102C1C3}.Release|Any CPU.Build.0 = Release|Any CPU
	EndGlobalSection
	GlobalSection(SolutionProperties) = preSolution
		HideSolutionNode = FALSE
	EndGlobalSection
	GlobalSection(ExtensibilityGlobals) = postSolution
		SolutionGuid = {5599E95A-7651-43F7-93AC-6361D0B86D92}
	EndGlobalSection
EndGlobal
