
Microsoft Visual Studio Solution File, Format Version 12.00
# Visual Studio Version 17
VisualStudioVersion = 17.9.34622.214
MinimumVisualStudioVersion = 10.0.40219.1
Project("{54A90642-561A-4BB1-A94E-469ADEE60C69}") = "problema4", "problema4\problema4.esproj", "{B300F19E-648B-4E14-8697-BC88D84161A3}"
EndProject
Global
	GlobalSection(SolutionConfigurationPlatforms) = preSolution
		Debug|Any CPU = Debug|Any CPU
		Release|Any CPU = Release|Any CPU
	EndGlobalSection
	GlobalSection(ProjectConfigurationPlatforms) = postSolution
		{B300F19E-648B-4E14-8697-BC88D84161A3}.Debug|Any CPU.ActiveCfg = Debug|Any CPU
		{B300F19E-648B-4E14-8697-BC88D84161A3}.Debug|Any CPU.Build.0 = Debug|Any CPU
		{B300F19E-648B-4E14-8697-BC88D84161A3}.Debug|Any CPU.Deploy.0 = Debug|Any CPU
		{B300F19E-648B-4E14-8697-BC88D84161A3}.Release|Any CPU.ActiveCfg = Release|Any CPU
		{B300F19E-648B-4E14-8697-BC88D84161A3}.Release|Any CPU.Build.0 = Release|Any CPU
		{B300F19E-648B-4E14-8697-BC88D84161A3}.Release|Any CPU.Deploy.0 = Release|Any CPU
	EndGlobalSection
	GlobalSection(SolutionProperties) = preSolution
		HideSolutionNode = FALSE
	EndGlobalSection
	GlobalSection(ExtensibilityGlobals) = postSolution
		SolutionGuid = {C2C31D39-419E-40B6-869C-892D32D38364}
	EndGlobalSection
EndGlobal
