
Microsoft Visual Studio Solution File, Format Version 12.00
# Visual Studio Version 17
VisualStudioVersion = 17.9.34622.214
MinimumVisualStudioVersion = 10.0.40219.1
Project("{54A90642-561A-4BB1-A94E-469ADEE60C69}") = "ex1", "Lab1\ex1.esproj", "{2687DB91-8923-4EC9-B1CE-B35BF9C557AB}"
EndProject
Global
	GlobalSection(SolutionConfigurationPlatforms) = preSolution
		Debug|Any CPU = Debug|Any CPU
		Release|Any CPU = Release|Any CPU
	EndGlobalSection
	GlobalSection(ProjectConfigurationPlatforms) = postSolution
		{2687DB91-8923-4EC9-B1CE-B35BF9C557AB}.Debug|Any CPU.ActiveCfg = Debug|Any CPU
		{2687DB91-8923-4EC9-B1CE-B35BF9C557AB}.Debug|Any CPU.Build.0 = Debug|Any CPU
		{2687DB91-8923-4EC9-B1CE-B35BF9C557AB}.Debug|Any CPU.Deploy.0 = Debug|Any CPU
		{2687DB91-8923-4EC9-B1CE-B35BF9C557AB}.Release|Any CPU.ActiveCfg = Release|Any CPU
		{2687DB91-8923-4EC9-B1CE-B35BF9C557AB}.Release|Any CPU.Build.0 = Release|Any CPU
		{2687DB91-8923-4EC9-B1CE-B35BF9C557AB}.Release|Any CPU.Deploy.0 = Release|Any CPU
	EndGlobalSection
	GlobalSection(SolutionProperties) = preSolution
		HideSolutionNode = FALSE
	EndGlobalSection
	GlobalSection(ExtensibilityGlobals) = postSolution
		SolutionGuid = {BC0404D3-1B25-414C-B8E6-32CAAEDF7BFA}
	EndGlobalSection
EndGlobal
